
Microsoft Visual Studio Solution File, Format Version 12.00
# Visual Studio Version 17
VisualStudioVersion = 17.14.36518.9 d17.14
MinimumVisualStudioVersion = 10.0.40219.1
Project("{FAE04EC0-301F-11D3-BF4B-00C04F79EFBC}") = "Feitec", "Feitec\Feitec.csproj", "{0B3CDAA1-A9B2-4904-A30C-1A0856ECD832}"
EndProject
Global
	GlobalSection(SolutionConfigurationPlatforms) = preSolution
		Debug|Any CPU = Debug|Any CPU
		Release|Any CPU = Release|Any CPU
	EndGlobalSection
	GlobalSection(ProjectConfigurationPlatforms) = postSolution
		{0B3CDAA1-A9B2-4904-A30C-1A0856ECD832}.Debug|Any CPU.ActiveCfg = Debug|Any CPU
		{0B3CDAA1-A9B2-4904-A30C-1A0856ECD832}.Debug|Any CPU.Build.0 = Debug|Any CPU
		{0B3CDAA1-A9B2-4904-A30C-1A0856ECD832}.Release|Any CPU.ActiveCfg = Release|Any CPU
		{0B3CDAA1-A9B2-4904-A30C-1A0856ECD832}.Release|Any CPU.Build.0 = Release|Any CPU
	EndGlobalSection
	GlobalSection(SolutionProperties) = preSolution
		HideSolutionNode = FALSE
	EndGlobalSection
	GlobalSection(ExtensibilityGlobals) = postSolution
		SolutionGuid = {6DB191ED-8E30-49AF-8646-B313C578C00D}
	EndGlobalSection
EndGlobal
